
Microsoft Visual Studio Solution File, Format Version 12.00
# Visual Studio Version 17
VisualStudioVersion = 17.13.35931.197
MinimumVisualStudioVersion = 10.0.40219.1
Project("{FAE04EC0-301F-11D3-BF4B-00C04F79EFBC}") = "ApiBureau.JPMorgan.Api", "src\ApiBureau.JPMorgan.Api\ApiBureau.JPMorgan.Api.csproj", "{EB5EB17B-2169-AF7E-2387-DDDEA321FAC8}"
EndProject
Project("{FAE04EC0-301F-11D3-BF4B-00C04F79EFBC}") = "ApiBureau.JPMorgan.Api.Console", "src\ApiBureau.JPMorgan.Api.Console\ApiBureau.JPMorgan.Api.Console.csproj", "{AE643001-148A-4A83-8C3A-474A55CE2D64}"
EndProject
Global
	GlobalSection(SolutionConfigurationPlatforms) = preSolution
		Debug|Any CPU = Debug|Any CPU
		Release|Any CPU = Release|Any CPU
	EndGlobalSection
	GlobalSection(ProjectConfigurationPlatforms) = postSolution
		{EB5EB17B-2169-AF7E-2387-DDDEA321FAC8}.Debug|Any CPU.ActiveCfg = Debug|Any CPU
		{EB5EB17B-2169-AF7E-2387-DDDEA321FAC8}.Debug|Any CPU.Build.0 = Debug|Any CPU
		{EB5EB17B-2169-AF7E-2387-DDDEA321FAC8}.Release|Any CPU.ActiveCfg = Release|Any CPU
		{EB5EB17B-2169-AF7E-2387-DDDEA321FAC8}.Release|Any CPU.Build.0 = Release|Any CPU
		{AE643001-148A-4A83-8C3A-474A55CE2D64}.Debug|Any CPU.ActiveCfg = Debug|Any CPU
		{AE643001-148A-4A83-8C3A-474A55CE2D64}.Debug|Any CPU.Build.0 = Debug|Any CPU
		{AE643001-148A-4A83-8C3A-474A55CE2D64}.Release|Any CPU.ActiveCfg = Release|Any CPU
		{AE643001-148A-4A83-8C3A-474A55CE2D64}.Release|Any CPU.Build.0 = Release|Any CPU
	EndGlobalSection
	GlobalSection(SolutionProperties) = preSolution
		HideSolutionNode = FALSE
	EndGlobalSection
	GlobalSection(ExtensibilityGlobals) = postSolution
		SolutionGuid = {2F8358EE-CB1C-43E5-A060-D69C3579D6B7}
	EndGlobalSection
EndGlobal
